
Microsoft Visual Studio Solution File, Format Version 12.00
# Visual Studio Version 17
VisualStudioVersion = 17.3.32825.248
MinimumVisualStudioVersion = 10.0.40219.1
Project("{FAE04EC0-301F-11D3-BF4B-00C04F79EFBC}") = "CCC.CompositionApi.Server.Plugin", "CCC_EPRINSA_NetAPI\CCC.CompositionApi.Server.Plugin.csproj", "{DA7019BD-C164-45E8-A5DE-FA2C1BD4A4BD}"
EndProject
Global
	GlobalSection(SolutionConfigurationPlatforms) = preSolution
		Debug|Any CPU = Debug|Any CPU
		Release|Any CPU = Release|Any CPU
	EndGlobalSection
	GlobalSection(ProjectConfigurationPlatforms) = postSolution
		{DA7019BD-C164-45E8-A5DE-FA2C1BD4A4BD}.Debug|Any CPU.ActiveCfg = Debug|Any CPU
		{DA7019BD-C164-45E8-A5DE-FA2C1BD4A4BD}.Debug|Any CPU.Build.0 = Debug|Any CPU
		{DA7019BD-C164-45E8-A5DE-FA2C1BD4A4BD}.Release|Any CPU.ActiveCfg = Debug|Any CPU
		{DA7019BD-C164-45E8-A5DE-FA2C1BD4A4BD}.Release|Any CPU.Build.0 = Debug|Any CPU
	EndGlobalSection
	GlobalSection(SolutionProperties) = preSolution
		HideSolutionNode = FALSE
	EndGlobalSection
	GlobalSection(ExtensibilityGlobals) = postSolution
		SolutionGuid = {A024E316-4CE7-493C-BF1A-971525CF4C9B}
	EndGlobalSection
EndGlobal
